
Microsoft Visual Studio Solution File, Format Version 12.00
# Visual Studio 15
Project("{FAE04EC0-301F-11D3-BF4B-00C04F79EFBC}") = "Meta.WitAi.Conduit", "Meta.WitAi.Conduit.csproj", "{FAEC5912-F212-B4CD-4DFB-90FAA2502A96}"
EndProject
Project("{FAE04EC0-301F-11D3-BF4B-00C04F79EFBC}") = "AK.Wwise.Unity.MonoBehaviour.Editor", "AK.Wwise.Unity.MonoBehaviour.Editor.csproj", "{5C05A83D-2A99-8ED1-8947-19468ADCFC4D}"
EndProject
Project("{FAE04EC0-301F-11D3-BF4B-00C04F79EFBC}") = "Oculus.VR", "Oculus.VR.csproj", "{7984FE8B-BA22-23DF-9F0C-889CF3CC0332}"
EndProject
Project("{FAE04EC0-301F-11D3-BF4B-00C04F79EFBC}") = "Oculus.Interaction", "Oculus.Interaction.csproj", "{9879A714-26C9-BBC7-BFE7-FF3F56E742F7}"
EndProject
Project("{FAE04EC0-301F-11D3-BF4B-00C04F79EFBC}") = "Oculus.Interaction.Editor", "Oculus.Interaction.Editor.csproj", "{928484C6-384F-E99D-AF3B-16E8651962C8}"
EndProject
Project("{FAE04EC0-301F-11D3-BF4B-00C04F79EFBC}") = "AK.Wwise.Unity.MonoBehaviour", "AK.Wwise.Unity.MonoBehaviour.csproj", "{D6BAA54A-08AF-243F-3C0B-EB00BD042A83}"
EndProject
Project("{FAE04EC0-301F-11D3-BF4B-00C04F79EFBC}") = "Oculus.Platform", "Oculus.Platform.csproj", "{20052585-2EF1-09EA-A408-FC99B50AE124}"
EndProject
Project("{FAE04EC0-301F-11D3-BF4B-00C04F79EFBC}") = "VoiceSDK.Telemetry", "VoiceSDK.Telemetry.csproj", "{C1E628FC-1587-C16E-3B6E-A65849F06EDC}"
EndProject
Project("{FAE04EC0-301F-11D3-BF4B-00C04F79EFBC}") = "Assembly-CSharp", "Assembly-CSharp.csproj", "{5B9FF267-005F-A3BF-219E-FEAE2D8C894F}"
EndProject
Project("{FAE04EC0-301F-11D3-BF4B-00C04F79EFBC}") = "AK.Wwise.Unity.API", "AK.Wwise.Unity.API.csproj", "{0FBC8864-224F-505D-C053-A739FF43FE72}"
EndProject
Project("{FAE04EC0-301F-11D3-BF4B-00C04F79EFBC}") = "Oculus.Interaction.OVR.Samples", "Oculus.Interaction.OVR.Samples.csproj", "{76968C96-A0C9-6E8C-1EA6-4E2331E4B74B}"
EndProject
Project("{FAE04EC0-301F-11D3-BF4B-00C04F79EFBC}") = "Meta.WitAi.Lib", "Meta.WitAi.Lib.csproj", "{7CE30D35-C4E2-F593-9C94-8B622AC8B1DE}"
EndProject
Project("{FAE04EC0-301F-11D3-BF4B-00C04F79EFBC}") = "AK.Wwise.Unity.API.Editor", "AK.Wwise.Unity.API.Editor.csproj", "{61F1AF7A-0347-57B5-D07E-D73CB727C4DC}"
EndProject
Project("{FAE04EC0-301F-11D3-BF4B-00C04F79EFBC}") = "Meta.WitAi.Editor", "Meta.WitAi.Editor.csproj", "{0BEF3817-5D37-B4F6-B278-602E94260AC6}"
EndProject
Project("{FAE04EC0-301F-11D3-BF4B-00C04F79EFBC}") = "Meta.WitAi.Conduit.Editor", "Meta.WitAi.Conduit.Editor.csproj", "{41D75F67-12F6-9EB1-039E-C6A80F1EDCB3}"
EndProject
Project("{FAE04EC0-301F-11D3-BF4B-00C04F79EFBC}") = "Meta.WitAi", "Meta.WitAi.csproj", "{B00937D7-371D-84C2-5C6C-91584997F447}"
EndProject
Project("{FAE04EC0-301F-11D3-BF4B-00C04F79EFBC}") = "Oculus.VR.Editor", "Oculus.VR.Editor.csproj", "{D242BB09-F2B8-655C-D6EF-674C21E27AF6}"
EndProject
Project("{FAE04EC0-301F-11D3-BF4B-00C04F79EFBC}") = "Oculus.Interaction.OVR.Editor", "Oculus.Interaction.OVR.Editor.csproj", "{5F2AC9BF-1351-D7FF-AABD-4B45CF6A35C3}"
EndProject
Project("{FAE04EC0-301F-11D3-BF4B-00C04F79EFBC}") = "Oculus.LipSync", "Oculus.LipSync.csproj", "{D1B37951-666C-27B7-3D03-52C4AD6FCBE4}"
EndProject
Project("{FAE04EC0-301F-11D3-BF4B-00C04F79EFBC}") = "Oculus.Interaction.OVR", "Oculus.Interaction.OVR.csproj", "{911EBF15-1228-7E63-2F9E-46FC375B2486}"
EndProject
Project("{FAE04EC0-301F-11D3-BF4B-00C04F79EFBC}") = "VoiceSDK.Editor", "VoiceSDK.Editor.csproj", "{04829F5C-D984-315E-AA8D-4E6D8B8E6BDD}"
EndProject
Project("{FAE04EC0-301F-11D3-BF4B-00C04F79EFBC}") = "Meta.WitAI.Lib.Editor", "Meta.WitAI.Lib.Editor.csproj", "{29C91599-A99E-B8B3-33B0-1F7DE0B47461}"
EndProject
Project("{FAE04EC0-301F-11D3-BF4B-00C04F79EFBC}") = "AK.Wwise.Unity.Timeline", "AK.Wwise.Unity.Timeline.csproj", "{86E2556E-F2DF-7C9B-3366-99A90F77071A}"
EndProject
Project("{FAE04EC0-301F-11D3-BF4B-00C04F79EFBC}") = "Oculus.AudioManager", "Oculus.AudioManager.csproj", "{0401AD18-862C-645B-54DF-48752D2F7F23}"
EndProject
Project("{FAE04EC0-301F-11D3-BF4B-00C04F79EFBC}") = "Meta.Voice.Samples.BuiltInTimer", "Meta.Voice.Samples.BuiltInTimer.csproj", "{F9CB4540-82F8-64E1-B252-F41A7BBF07D2}"
EndProject
Project("{FAE04EC0-301F-11D3-BF4B-00C04F79EFBC}") = "Meta.XR.BuildingBlocks.Editor", "Meta.XR.BuildingBlocks.Editor.csproj", "{27845230-6B39-7B14-EF2E-D76C4802B1DF}"
EndProject
Project("{FAE04EC0-301F-11D3-BF4B-00C04F79EFBC}") = "AK.Wwise.Unity.API.WwiseTypes", "AK.Wwise.Unity.API.WwiseTypes.csproj", "{01699AE0-0575-3605-B474-6FF56B880E4D}"
EndProject
Project("{FAE04EC0-301F-11D3-BF4B-00C04F79EFBC}") = "Meta.Voice.VSDKHub.Editor", "Meta.Voice.VSDKHub.Editor.csproj", "{71C206E4-7BFC-510A-F9AC-22DBA67C575A}"
EndProject
Project("{FAE04EC0-301F-11D3-BF4B-00C04F79EFBC}") = "VoiceSDK.Dictation.Runtime", "VoiceSDK.Dictation.Runtime.csproj", "{0AE4F55D-67B8-2FA1-8952-0DD5B6621B78}"
EndProject
Project("{FAE04EC0-301F-11D3-BF4B-00C04F79EFBC}") = "Meta.WitAi.TTS", "Meta.WitAi.TTS.csproj", "{F43E68F9-50E9-BE94-0859-2DD60116F413}"
EndProject
Project("{FAE04EC0-301F-11D3-BF4B-00C04F79EFBC}") = "AssistantCoreSDKRuntime", "AssistantCoreSDKRuntime.csproj", "{C8A3E0EA-276D-9F63-6B32-B1837E828587}"
EndProject
Project("{FAE04EC0-301F-11D3-BF4B-00C04F79EFBC}") = "Assembly-CSharp-Editor", "Assembly-CSharp-Editor.csproj", "{6CDB4719-1D28-38FF-BF92-A07FF7EAE25F}"
EndProject
Project("{FAE04EC0-301F-11D3-BF4B-00C04F79EFBC}") = "AK.Wwise.Unity.Timeline.Editor", "AK.Wwise.Unity.Timeline.Editor.csproj", "{7CB7F9A0-1FAE-FA6E-A577-0C043C8DCA2E}"
EndProject
Project("{FAE04EC0-301F-11D3-BF4B-00C04F79EFBC}") = "Meta.Voice.Samples.TTSVoices", "Meta.Voice.Samples.TTSVoices.csproj", "{3429A582-5826-4F8C-97D3-1D6DFB3760C0}"
EndProject
Project("{FAE04EC0-301F-11D3-BF4B-00C04F79EFBC}") = "VoiceSDK.Runtime", "VoiceSDK.Runtime.csproj", "{A3C51AFE-F376-3EA3-1622-0DB85771DD85}"
EndProject
Project("{FAE04EC0-301F-11D3-BF4B-00C04F79EFBC}") = "Oculus.VR.Scripts.Editor", "Oculus.VR.Scripts.Editor.csproj", "{394C0989-141E-0C3B-58B4-E2C55E17FF0D}"
EndProject
Project("{FAE04EC0-301F-11D3-BF4B-00C04F79EFBC}") = "Meta.Voice.Samples.LightTraits", "Meta.Voice.Samples.LightTraits.csproj", "{C09E7D2D-20F1-FF6E-876C-90A2B28B1132}"
EndProject
Project("{FAE04EC0-301F-11D3-BF4B-00C04F79EFBC}") = "Meta.Voice.Hub.Editor", "Meta.Voice.Hub.Editor.csproj", "{585D6520-109E-B5EA-4A97-9D0DA3E37F1C}"
EndProject
Project("{FAE04EC0-301F-11D3-BF4B-00C04F79EFBC}") = "Ak.Wwise.Api.WAAPI", "Ak.Wwise.Api.WAAPI.csproj", "{3B2968FD-529D-5B2D-5F38-F1BD8CD0AA9D}"
EndProject
Project("{FAE04EC0-301F-11D3-BF4B-00C04F79EFBC}") = "Oculus.Interaction.Samples.Editor", "Oculus.Interaction.Samples.Editor.csproj", "{CD964B50-9645-994C-674E-C634B6B95BBF}"
EndProject
Project("{FAE04EC0-301F-11D3-BF4B-00C04F79EFBC}") = "Meta.WitAi.TTS.Editor", "Meta.WitAi.TTS.Editor.csproj", "{5EAE860C-3021-D582-2F53-18B2299C0F65}"
EndProject
Project("{FAE04EC0-301F-11D3-BF4B-00C04F79EFBC}") = "Meta.XR.BuildingBlocks", "Meta.XR.BuildingBlocks.csproj", "{4CE283F7-87EE-5969-675B-67CD166E77C2}"
EndProject
Project("{FAE04EC0-301F-11D3-BF4B-00C04F79EFBC}") = "Oculus.Platform.Editor", "Oculus.Platform.Editor.csproj", "{4DE7CED1-7544-C633-B9B3-D8907A681519}"
EndProject
Project("{FAE04EC0-301F-11D3-BF4B-00C04F79EFBC}") = "Facebook.Wit.Dictation", "Facebook.Wit.Dictation.csproj", "{8115CB2B-7CB0-57B3-C064-05C63CAE1E57}"
EndProject
Project("{FAE04EC0-301F-11D3-BF4B-00C04F79EFBC}") = "Oculus.Spatializer.Editor", "Oculus.Spatializer.Editor.csproj", "{708816FA-F049-CCDC-72D6-555FE2A7D251}"
EndProject
Project("{FAE04EC0-301F-11D3-BF4B-00C04F79EFBC}") = "Oculus.LipSync.Editor", "Oculus.LipSync.Editor.csproj", "{B8E13082-284E-911F-EA61-E1BA502967B6}"
EndProject
Project("{FAE04EC0-301F-11D3-BF4B-00C04F79EFBC}") = "Oculus.AudioManager.Utils.Editor", "Oculus.AudioManager.Utils.Editor.csproj", "{5CEF3941-6E80-E60E-5D55-2A53722C2A4B}"
EndProject
Project("{FAE04EC0-301F-11D3-BF4B-00C04F79EFBC}") = "Meta.VoiceSDK.Mic.Common", "Meta.VoiceSDK.Mic.Common.csproj", "{38895F98-4A09-32C9-57C0-14FBA140F7AB}"
EndProject
Project("{FAE04EC0-301F-11D3-BF4B-00C04F79EFBC}") = "Meta.Voice.Samples.ShapesConduit", "Meta.Voice.Samples.ShapesConduit.csproj", "{FB94CB16-E2AA-07AB-C00F-A3E7DD0A7D0C}"
EndProject
Project("{FAE04EC0-301F-11D3-BF4B-00C04F79EFBC}") = "Oculus.Spatializer", "Oculus.Spatializer.csproj", "{7C8D2346-4564-3D1B-BA50-F6D9ACC744A6}"
EndProject
Project("{FAE04EC0-301F-11D3-BF4B-00C04F79EFBC}") = "Meta.VoiceSDK.Mic.Other", "Meta.VoiceSDK.Mic.Other.csproj", "{EC0FAF11-BDBF-911D-13D1-7D7978F6F1AD}"
EndProject
Project("{FAE04EC0-301F-11D3-BF4B-00C04F79EFBC}") = "Oculus.Interaction.InterfaceSupport", "Oculus.Interaction.InterfaceSupport.csproj", "{B93F2E76-6B00-877A-D24F-E447C91CBA30}"
EndProject
Project("{FAE04EC0-301F-11D3-BF4B-00C04F79EFBC}") = "Oculus.AudioManager.Audio.Editor", "Oculus.AudioManager.Audio.Editor.csproj", "{117A24E9-B148-2914-FAB9-C55A2EDC5DB6}"
EndProject
Project("{FAE04EC0-301F-11D3-BF4B-00C04F79EFBC}") = "Meta.Voice.Samples.LiveUnderstanding", "Meta.Voice.Samples.LiveUnderstanding.csproj", "{BCC992BB-8F99-3902-F579-B8CAC2241676}"
EndProject
Project("{FAE04EC0-301F-11D3-BF4B-00C04F79EFBC}") = "VoiceSDK.Dictation.Editor", "VoiceSDK.Dictation.Editor.csproj", "{65B5EFDE-004F-F15E-AAED-07B525EFC7B8}"
EndProject
Project("{FAE04EC0-301F-11D3-BF4B-00C04F79EFBC}") = "AssistantCoreSDKEditor", "AssistantCoreSDKEditor.csproj", "{355E0442-F498-063F-B6BF-441678F758FB}"
EndProject
Project("{FAE04EC0-301F-11D3-BF4B-00C04F79EFBC}") = "Unity.XR.Interaction.Toolkit.Samples.StarterAssets.Editor", "Unity.XR.Interaction.Toolkit.Samples.StarterAssets.Editor.csproj", "{ABDC812D-953C-83D8-E411-F2CDB42F5B4E}"
EndProject
Project("{FAE04EC0-301F-11D3-BF4B-00C04F79EFBC}") = "Meta.VoiceSDK.Mic.WebGL", "Meta.VoiceSDK.Mic.WebGL.csproj", "{C1625DC1-42AC-8555-7155-5B7D7CA84AF7}"
EndProject
Project("{FAE04EC0-301F-11D3-BF4B-00C04F79EFBC}") = "Meta.Voice.Hub.Runtime", "Meta.Voice.Hub.Runtime.csproj", "{E15F8833-4284-AC12-D076-6FB318296438}"
EndProject
Project("{FAE04EC0-301F-11D3-BF4B-00C04F79EFBC}") = "Meta.Voice.Samples.Chess", "Meta.Voice.Samples.Chess.csproj", "{F7AD9FDD-AA1D-FC47-1D64-26FFCB60A381}"
EndProject
Project("{FAE04EC0-301F-11D3-BF4B-00C04F79EFBC}") = "Unity.XR.Interaction.Toolkit.Samples.StarterAssets", "Unity.XR.Interaction.Toolkit.Samples.StarterAssets.csproj", "{EBABFF4F-6295-C8C0-BD55-1EBD00CA2F9F}"
EndProject
Project("{FAE04EC0-301F-11D3-BF4B-00C04F79EFBC}") = "Meta.Voice.Samples.Dictation", "Meta.Voice.Samples.Dictation.csproj", "{616653D3-895C-0CE4-C20B-7BA856B1EF00}"
EndProject
Project("{FAE04EC0-301F-11D3-BF4B-00C04F79EFBC}") = "Meta.Voice.Samples.Shapes", "Meta.Voice.Samples.Shapes.csproj", "{60280F15-CC4A-1851-5E0C-5DDC0172898F}"
EndProject
Project("{FAE04EC0-301F-11D3-BF4B-00C04F79EFBC}") = "Facebook.Wit.Dictation.Editor", "Facebook.Wit.Dictation.Editor.csproj", "{C6671DFD-5409-6E5B-027E-DFC71FE8B93F}"
EndProject
Global
	GlobalSection(SolutionConfigurationPlatforms) = preSolution
		Debug|Any CPU = Debug|Any CPU
		Release|Any CPU = Release|Any CPU
	EndGlobalSection
	GlobalSection(ProjectConfigurationPlatforms) = postSolution
		{FAEC5912-F212-B4CD-4DFB-90FAA2502A96}.Debug|Any CPU.ActiveCfg = Debug|Any CPU
		{FAEC5912-F212-B4CD-4DFB-90FAA2502A96}.Debug|Any CPU.Build.0 = Debug|Any CPU
		{FAEC5912-F212-B4CD-4DFB-90FAA2502A96}.Release|Any CPU.ActiveCfg = Release|Any CPU
		{FAEC5912-F212-B4CD-4DFB-90FAA2502A96}.Release|Any CPU.Build.0 = Release|Any CPU
		{5C05A83D-2A99-8ED1-8947-19468ADCFC4D}.Debug|Any CPU.ActiveCfg = Debug|Any CPU
		{5C05A83D-2A99-8ED1-8947-19468ADCFC4D}.Debug|Any CPU.Build.0 = Debug|Any CPU
		{5C05A83D-2A99-8ED1-8947-19468ADCFC4D}.Release|Any CPU.ActiveCfg = Release|Any CPU
		{5C05A83D-2A99-8ED1-8947-19468ADCFC4D}.Release|Any CPU.Build.0 = Release|Any CPU
		{7984FE8B-BA22-23DF-9F0C-889CF3CC0332}.Debug|Any CPU.ActiveCfg = Debug|Any CPU
		{7984FE8B-BA22-23DF-9F0C-889CF3CC0332}.Debug|Any CPU.Build.0 = Debug|Any CPU
		{7984FE8B-BA22-23DF-9F0C-889CF3CC0332}.Release|Any CPU.ActiveCfg = Release|Any CPU
		{7984FE8B-BA22-23DF-9F0C-889CF3CC0332}.Release|Any CPU.Build.0 = Release|Any CPU
		{9879A714-26C9-BBC7-BFE7-FF3F56E742F7}.Debug|Any CPU.ActiveCfg = Debug|Any CPU
		{9879A714-26C9-BBC7-BFE7-FF3F56E742F7}.Debug|Any CPU.Build.0 = Debug|Any CPU
		{9879A714-26C9-BBC7-BFE7-FF3F56E742F7}.Release|Any CPU.ActiveCfg = Release|Any CPU
		{9879A714-26C9-BBC7-BFE7-FF3F56E742F7}.Release|Any CPU.Build.0 = Release|Any CPU
		{928484C6-384F-E99D-AF3B-16E8651962C8}.Debug|Any CPU.ActiveCfg = Debug|Any CPU
		{928484C6-384F-E99D-AF3B-16E8651962C8}.Debug|Any CPU.Build.0 = Debug|Any CPU
		{928484C6-384F-E99D-AF3B-16E8651962C8}.Release|Any CPU.ActiveCfg = Release|Any CPU
		{928484C6-384F-E99D-AF3B-16E8651962C8}.Release|Any CPU.Build.0 = Release|Any CPU
		{D6BAA54A-08AF-243F-3C0B-EB00BD042A83}.Debug|Any CPU.ActiveCfg = Debug|Any CPU
		{D6BAA54A-08AF-243F-3C0B-EB00BD042A83}.Debug|Any CPU.Build.0 = Debug|Any CPU
		{D6BAA54A-08AF-243F-3C0B-EB00BD042A83}.Release|Any CPU.ActiveCfg = Release|Any CPU
		{D6BAA54A-08AF-243F-3C0B-EB00BD042A83}.Release|Any CPU.Build.0 = Release|Any CPU
		{20052585-2EF1-09EA-A408-FC99B50AE124}.Debug|Any CPU.ActiveCfg = Debug|Any CPU
		{20052585-2EF1-09EA-A408-FC99B50AE124}.Debug|Any CPU.Build.0 = Debug|Any CPU
		{20052585-2EF1-09EA-A408-FC99B50AE124}.Release|Any CPU.ActiveCfg = Release|Any CPU
		{20052585-2EF1-09EA-A408-FC99B50AE124}.Release|Any CPU.Build.0 = Release|Any CPU
		{C1E628FC-1587-C16E-3B6E-A65849F06EDC}.Debug|Any CPU.ActiveCfg = Debug|Any CPU
		{C1E628FC-1587-C16E-3B6E-A65849F06EDC}.Debug|Any CPU.Build.0 = Debug|Any CPU
		{C1E628FC-1587-C16E-3B6E-A65849F06EDC}.Release|Any CPU.ActiveCfg = Release|Any CPU
		{C1E628FC-1587-C16E-3B6E-A65849F06EDC}.Release|Any CPU.Build.0 = Release|Any CPU
		{5B9FF267-005F-A3BF-219E-FEAE2D8C894F}.Debug|Any CPU.ActiveCfg = Debug|Any CPU
		{5B9FF267-005F-A3BF-219E-FEAE2D8C894F}.Debug|Any CPU.Build.0 = Debug|Any CPU
		{5B9FF267-005F-A3BF-219E-FEAE2D8C894F}.Release|Any CPU.ActiveCfg = Release|Any CPU
		{5B9FF267-005F-A3BF-219E-FEAE2D8C894F}.Release|Any CPU.Build.0 = Release|Any CPU
		{0FBC8864-224F-505D-C053-A739FF43FE72}.Debug|Any CPU.ActiveCfg = Debug|Any CPU
		{0FBC8864-224F-505D-C053-A739FF43FE72}.Debug|Any CPU.Build.0 = Debug|Any CPU
		{0FBC8864-224F-505D-C053-A739FF43FE72}.Release|Any CPU.ActiveCfg = Release|Any CPU
		{0FBC8864-224F-505D-C053-A739FF43FE72}.Release|Any CPU.Build.0 = Release|Any CPU
		{76968C96-A0C9-6E8C-1EA6-4E2331E4B74B}.Debug|Any CPU.ActiveCfg = Debug|Any CPU
		{76968C96-A0C9-6E8C-1EA6-4E2331E4B74B}.Debug|Any CPU.Build.0 = Debug|Any CPU
		{76968C96-A0C9-6E8C-1EA6-4E2331E4B74B}.Release|Any CPU.ActiveCfg = Release|Any CPU
		{76968C96-A0C9-6E8C-1EA6-4E2331E4B74B}.Release|Any CPU.Build.0 = Release|Any CPU
		{7CE30D35-C4E2-F593-9C94-8B622AC8B1DE}.Debug|Any CPU.ActiveCfg = Debug|Any CPU
		{7CE30D35-C4E2-F593-9C94-8B622AC8B1DE}.Debug|Any CPU.Build.0 = Debug|Any CPU
		{7CE30D35-C4E2-F593-9C94-8B622AC8B1DE}.Release|Any CPU.ActiveCfg = Release|Any CPU
		{7CE30D35-C4E2-F593-9C94-8B622AC8B1DE}.Release|Any CPU.Build.0 = Release|Any CPU
		{61F1AF7A-0347-57B5-D07E-D73CB727C4DC}.Debug|Any CPU.ActiveCfg = Debug|Any CPU
		{61F1AF7A-0347-57B5-D07E-D73CB727C4DC}.Debug|Any CPU.Build.0 = Debug|Any CPU
		{61F1AF7A-0347-57B5-D07E-D73CB727C4DC}.Release|Any CPU.ActiveCfg = Release|Any CPU
		{61F1AF7A-0347-57B5-D07E-D73CB727C4DC}.Release|Any CPU.Build.0 = Release|Any CPU
		{0BEF3817-5D37-B4F6-B278-602E94260AC6}.Debug|Any CPU.ActiveCfg = Debug|Any CPU
		{0BEF3817-5D37-B4F6-B278-602E94260AC6}.Debug|Any CPU.Build.0 = Debug|Any CPU
		{0BEF3817-5D37-B4F6-B278-602E94260AC6}.Release|Any CPU.ActiveCfg = Release|Any CPU
		{0BEF3817-5D37-B4F6-B278-602E94260AC6}.Release|Any CPU.Build.0 = Release|Any CPU
		{41D75F67-12F6-9EB1-039E-C6A80F1EDCB3}.Debug|Any CPU.ActiveCfg = Debug|Any CPU
		{41D75F67-12F6-9EB1-039E-C6A80F1EDCB3}.Debug|Any CPU.Build.0 = Debug|Any CPU
		{41D75F67-12F6-9EB1-039E-C6A80F1EDCB3}.Release|Any CPU.ActiveCfg = Release|Any CPU
		{41D75F67-12F6-9EB1-039E-C6A80F1EDCB3}.Release|Any CPU.Build.0 = Release|Any CPU
		{B00937D7-371D-84C2-5C6C-91584997F447}.Debug|Any CPU.ActiveCfg = Debug|Any CPU
		{B00937D7-371D-84C2-5C6C-91584997F447}.Debug|Any CPU.Build.0 = Debug|Any CPU
		{B00937D7-371D-84C2-5C6C-91584997F447}.Release|Any CPU.ActiveCfg = Release|Any CPU
		{B00937D7-371D-84C2-5C6C-91584997F447}.Release|Any CPU.Build.0 = Release|Any CPU
		{D242BB09-F2B8-655C-D6EF-674C21E27AF6}.Debug|Any CPU.ActiveCfg = Debug|Any CPU
		{D242BB09-F2B8-655C-D6EF-674C21E27AF6}.Debug|Any CPU.Build.0 = Debug|Any CPU
		{D242BB09-F2B8-655C-D6EF-674C21E27AF6}.Release|Any CPU.ActiveCfg = Release|Any CPU
		{D242BB09-F2B8-655C-D6EF-674C21E27AF6}.Release|Any CPU.Build.0 = Release|Any CPU
		{5F2AC9BF-1351-D7FF-AABD-4B45CF6A35C3}.Debug|Any CPU.ActiveCfg = Debug|Any CPU
		{5F2AC9BF-1351-D7FF-AABD-4B45CF6A35C3}.Debug|Any CPU.Build.0 = Debug|Any CPU
		{5F2AC9BF-1351-D7FF-AABD-4B45CF6A35C3}.Release|Any CPU.ActiveCfg = Release|Any CPU
		{5F2AC9BF-1351-D7FF-AABD-4B45CF6A35C3}.Release|Any CPU.Build.0 = Release|Any CPU
		{D1B37951-666C-27B7-3D03-52C4AD6FCBE4}.Debug|Any CPU.ActiveCfg = Debug|Any CPU
		{D1B37951-666C-27B7-3D03-52C4AD6FCBE4}.Debug|Any CPU.Build.0 = Debug|Any CPU
		{D1B37951-666C-27B7-3D03-52C4AD6FCBE4}.Release|Any CPU.ActiveCfg = Release|Any CPU
		{D1B37951-666C-27B7-3D03-52C4AD6FCBE4}.Release|Any CPU.Build.0 = Release|Any CPU
		{911EBF15-1228-7E63-2F9E-46FC375B2486}.Debug|Any CPU.ActiveCfg = Debug|Any CPU
		{911EBF15-1228-7E63-2F9E-46FC375B2486}.Debug|Any CPU.Build.0 = Debug|Any CPU
		{911EBF15-1228-7E63-2F9E-46FC375B2486}.Release|Any CPU.ActiveCfg = Release|Any CPU
		{911EBF15-1228-7E63-2F9E-46FC375B2486}.Release|Any CPU.Build.0 = Release|Any CPU
		{04829F5C-D984-315E-AA8D-4E6D8B8E6BDD}.Debug|Any CPU.ActiveCfg = Debug|Any CPU
		{04829F5C-D984-315E-AA8D-4E6D8B8E6BDD}.Debug|Any CPU.Build.0 = Debug|Any CPU
		{04829F5C-D984-315E-AA8D-4E6D8B8E6BDD}.Release|Any CPU.ActiveCfg = Release|Any CPU
		{04829F5C-D984-315E-AA8D-4E6D8B8E6BDD}.Release|Any CPU.Build.0 = Release|Any CPU
		{29C91599-A99E-B8B3-33B0-1F7DE0B47461}.Debug|Any CPU.ActiveCfg = Debug|Any CPU
		{29C91599-A99E-B8B3-33B0-1F7DE0B47461}.Debug|Any CPU.Build.0 = Debug|Any CPU
		{29C91599-A99E-B8B3-33B0-1F7DE0B47461}.Release|Any CPU.ActiveCfg = Release|Any CPU
		{29C91599-A99E-B8B3-33B0-1F7DE0B47461}.Release|Any CPU.Build.0 = Release|Any CPU
		{86E2556E-F2DF-7C9B-3366-99A90F77071A}.Debug|Any CPU.ActiveCfg = Debug|Any CPU
		{86E2556E-F2DF-7C9B-3366-99A90F77071A}.Debug|Any CPU.Build.0 = Debug|Any CPU
		{86E2556E-F2DF-7C9B-3366-99A90F77071A}.Release|Any CPU.ActiveCfg = Release|Any CPU
		{86E2556E-F2DF-7C9B-3366-99A90F77071A}.Release|Any CPU.Build.0 = Release|Any CPU
		{0401AD18-862C-645B-54DF-48752D2F7F23}.Debug|Any CPU.ActiveCfg = Debug|Any CPU
		{0401AD18-862C-645B-54DF-48752D2F7F23}.Debug|Any CPU.Build.0 = Debug|Any CPU
		{0401AD18-862C-645B-54DF-48752D2F7F23}.Release|Any CPU.ActiveCfg = Release|Any CPU
		{0401AD18-862C-645B-54DF-48752D2F7F23}.Release|Any CPU.Build.0 = Release|Any CPU
		{F9CB4540-82F8-64E1-B252-F41A7BBF07D2}.Debug|Any CPU.ActiveCfg = Debug|Any CPU
		{F9CB4540-82F8-64E1-B252-F41A7BBF07D2}.Debug|Any CPU.Build.0 = Debug|Any CPU
		{F9CB4540-82F8-64E1-B252-F41A7BBF07D2}.Release|Any CPU.ActiveCfg = Release|Any CPU
		{F9CB4540-82F8-64E1-B252-F41A7BBF07D2}.Release|Any CPU.Build.0 = Release|Any CPU
		{27845230-6B39-7B14-EF2E-D76C4802B1DF}.Debug|Any CPU.ActiveCfg = Debug|Any CPU
		{27845230-6B39-7B14-EF2E-D76C4802B1DF}.Debug|Any CPU.Build.0 = Debug|Any CPU
		{27845230-6B39-7B14-EF2E-D76C4802B1DF}.Release|Any CPU.ActiveCfg = Release|Any CPU
		{27845230-6B39-7B14-EF2E-D76C4802B1DF}.Release|Any CPU.Build.0 = Release|Any CPU
		{01699AE0-0575-3605-B474-6FF56B880E4D}.Debug|Any CPU.ActiveCfg = Debug|Any CPU
		{01699AE0-0575-3605-B474-6FF56B880E4D}.Debug|Any CPU.Build.0 = Debug|Any CPU
		{01699AE0-0575-3605-B474-6FF56B880E4D}.Release|Any CPU.ActiveCfg = Release|Any CPU
		{01699AE0-0575-3605-B474-6FF56B880E4D}.Release|Any CPU.Build.0 = Release|Any CPU
		{71C206E4-7BFC-510A-F9AC-22DBA67C575A}.Debug|Any CPU.ActiveCfg = Debug|Any CPU
		{71C206E4-7BFC-510A-F9AC-22DBA67C575A}.Debug|Any CPU.Build.0 = Debug|Any CPU
		{71C206E4-7BFC-510A-F9AC-22DBA67C575A}.Release|Any CPU.ActiveCfg = Release|Any CPU
		{71C206E4-7BFC-510A-F9AC-22DBA67C575A}.Release|Any CPU.Build.0 = Release|Any CPU
		{0AE4F55D-67B8-2FA1-8952-0DD5B6621B78}.Debug|Any CPU.ActiveCfg = Debug|Any CPU
		{0AE4F55D-67B8-2FA1-8952-0DD5B6621B78}.Debug|Any CPU.Build.0 = Debug|Any CPU
		{0AE4F55D-67B8-2FA1-8952-0DD5B6621B78}.Release|Any CPU.ActiveCfg = Release|Any CPU
		{0AE4F55D-67B8-2FA1-8952-0DD5B6621B78}.Release|Any CPU.Build.0 = Release|Any CPU
		{F43E68F9-50E9-BE94-0859-2DD60116F413}.Debug|Any CPU.ActiveCfg = Debug|Any CPU
		{F43E68F9-50E9-BE94-0859-2DD60116F413}.Debug|Any CPU.Build.0 = Debug|Any CPU
		{F43E68F9-50E9-BE94-0859-2DD60116F413}.Release|Any CPU.ActiveCfg = Release|Any CPU
		{F43E68F9-50E9-BE94-0859-2DD60116F413}.Release|Any CPU.Build.0 = Release|Any CPU
		{C8A3E0EA-276D-9F63-6B32-B1837E828587}.Debug|Any CPU.ActiveCfg = Debug|Any CPU
		{C8A3E0EA-276D-9F63-6B32-B1837E828587}.Debug|Any CPU.Build.0 = Debug|Any CPU
		{C8A3E0EA-276D-9F63-6B32-B1837E828587}.Release|Any CPU.ActiveCfg = Release|Any CPU
		{C8A3E0EA-276D-9F63-6B32-B1837E828587}.Release|Any CPU.Build.0 = Release|Any CPU
		{6CDB4719-1D28-38FF-BF92-A07FF7EAE25F}.Debug|Any CPU.ActiveCfg = Debug|Any CPU
		{6CDB4719-1D28-38FF-BF92-A07FF7EAE25F}.Debug|Any CPU.Build.0 = Debug|Any CPU
		{6CDB4719-1D28-38FF-BF92-A07FF7EAE25F}.Release|Any CPU.ActiveCfg = Release|Any CPU
		{6CDB4719-1D28-38FF-BF92-A07FF7EAE25F}.Release|Any CPU.Build.0 = Release|Any CPU
		{7CB7F9A0-1FAE-FA6E-A577-0C043C8DCA2E}.Debug|Any CPU.ActiveCfg = Debug|Any CPU
		{7CB7F9A0-1FAE-FA6E-A577-0C043C8DCA2E}.Debug|Any CPU.Build.0 = Debug|Any CPU
		{7CB7F9A0-1FAE-FA6E-A577-0C043C8DCA2E}.Release|Any CPU.ActiveCfg = Release|Any CPU
		{7CB7F9A0-1FAE-FA6E-A577-0C043C8DCA2E}.Release|Any CPU.Build.0 = Release|Any CPU
		{3429A582-5826-4F8C-97D3-1D6DFB3760C0}.Debug|Any CPU.ActiveCfg = Debug|Any CPU
		{3429A582-5826-4F8C-97D3-1D6DFB3760C0}.Debug|Any CPU.Build.0 = Debug|Any CPU
		{3429A582-5826-4F8C-97D3-1D6DFB3760C0}.Release|Any CPU.ActiveCfg = Release|Any CPU
		{3429A582-5826-4F8C-97D3-1D6DFB3760C0}.Release|Any CPU.Build.0 = Release|Any CPU
		{A3C51AFE-F376-3EA3-1622-0DB85771DD85}.Debug|Any CPU.ActiveCfg = Debug|Any CPU
		{A3C51AFE-F376-3EA3-1622-0DB85771DD85}.Debug|Any CPU.Build.0 = Debug|Any CPU
		{A3C51AFE-F376-3EA3-1622-0DB85771DD85}.Release|Any CPU.ActiveCfg = Release|Any CPU
		{A3C51AFE-F376-3EA3-1622-0DB85771DD85}.Release|Any CPU.Build.0 = Release|Any CPU
		{394C0989-141E-0C3B-58B4-E2C55E17FF0D}.Debug|Any CPU.ActiveCfg = Debug|Any CPU
		{394C0989-141E-0C3B-58B4-E2C55E17FF0D}.Debug|Any CPU.Build.0 = Debug|Any CPU
		{394C0989-141E-0C3B-58B4-E2C55E17FF0D}.Release|Any CPU.ActiveCfg = Release|Any CPU
		{394C0989-141E-0C3B-58B4-E2C55E17FF0D}.Release|Any CPU.Build.0 = Release|Any CPU
		{C09E7D2D-20F1-FF6E-876C-90A2B28B1132}.Debug|Any CPU.ActiveCfg = Debug|Any CPU
		{C09E7D2D-20F1-FF6E-876C-90A2B28B1132}.Debug|Any CPU.Build.0 = Debug|Any CPU
		{C09E7D2D-20F1-FF6E-876C-90A2B28B1132}.Release|Any CPU.ActiveCfg = Release|Any CPU
		{C09E7D2D-20F1-FF6E-876C-90A2B28B1132}.Release|Any CPU.Build.0 = Release|Any CPU
		{585D6520-109E-B5EA-4A97-9D0DA3E37F1C}.Debug|Any CPU.ActiveCfg = Debug|Any CPU
		{585D6520-109E-B5EA-4A97-9D0DA3E37F1C}.Debug|Any CPU.Build.0 = Debug|Any CPU
		{585D6520-109E-B5EA-4A97-9D0DA3E37F1C}.Release|Any CPU.ActiveCfg = Release|Any CPU
		{585D6520-109E-B5EA-4A97-9D0DA3E37F1C}.Release|Any CPU.Build.0 = Release|Any CPU
		{3B2968FD-529D-5B2D-5F38-F1BD8CD0AA9D}.Debug|Any CPU.ActiveCfg = Debug|Any CPU
		{3B2968FD-529D-5B2D-5F38-F1BD8CD0AA9D}.Debug|Any CPU.Build.0 = Debug|Any CPU
		{3B2968FD-529D-5B2D-5F38-F1BD8CD0AA9D}.Release|Any CPU.ActiveCfg = Release|Any CPU
		{3B2968FD-529D-5B2D-5F38-F1BD8CD0AA9D}.Release|Any CPU.Build.0 = Release|Any CPU
		{CD964B50-9645-994C-674E-C634B6B95BBF}.Debug|Any CPU.ActiveCfg = Debug|Any CPU
		{CD964B50-9645-994C-674E-C634B6B95BBF}.Debug|Any CPU.Build.0 = Debug|Any CPU
		{CD964B50-9645-994C-674E-C634B6B95BBF}.Release|Any CPU.ActiveCfg = Release|Any CPU
		{CD964B50-9645-994C-674E-C634B6B95BBF}.Release|Any CPU.Build.0 = Release|Any CPU
		{5EAE860C-3021-D582-2F53-18B2299C0F65}.Debug|Any CPU.ActiveCfg = Debug|Any CPU
		{5EAE860C-3021-D582-2F53-18B2299C0F65}.Debug|Any CPU.Build.0 = Debug|Any CPU
		{5EAE860C-3021-D582-2F53-18B2299C0F65}.Release|Any CPU.ActiveCfg = Release|Any CPU
		{5EAE860C-3021-D582-2F53-18B2299C0F65}.Release|Any CPU.Build.0 = Release|Any CPU
		{4CE283F7-87EE-5969-675B-67CD166E77C2}.Debug|Any CPU.ActiveCfg = Debug|Any CPU
		{4CE283F7-87EE-5969-675B-67CD166E77C2}.Debug|Any CPU.Build.0 = Debug|Any CPU
		{4CE283F7-87EE-5969-675B-67CD166E77C2}.Release|Any CPU.ActiveCfg = Release|Any CPU
		{4CE283F7-87EE-5969-675B-67CD166E77C2}.Release|Any CPU.Build.0 = Release|Any CPU
		{4DE7CED1-7544-C633-B9B3-D8907A681519}.Debug|Any CPU.ActiveCfg = Debug|Any CPU
		{4DE7CED1-7544-C633-B9B3-D8907A681519}.Debug|Any CPU.Build.0 = Debug|Any CPU
		{4DE7CED1-7544-C633-B9B3-D8907A681519}.Release|Any CPU.ActiveCfg = Release|Any CPU
		{4DE7CED1-7544-C633-B9B3-D8907A681519}.Release|Any CPU.Build.0 = Release|Any CPU
		{8115CB2B-7CB0-57B3-C064-05C63CAE1E57}.Debug|Any CPU.ActiveCfg = Debug|Any CPU
		{8115CB2B-7CB0-57B3-C064-05C63CAE1E57}.Debug|Any CPU.Build.0 = Debug|Any CPU
		{8115CB2B-7CB0-57B3-C064-05C63CAE1E57}.Release|Any CPU.ActiveCfg = Release|Any CPU
		{8115CB2B-7CB0-57B3-C064-05C63CAE1E57}.Release|Any CPU.Build.0 = Release|Any CPU
		{708816FA-F049-CCDC-72D6-555FE2A7D251}.Debug|Any CPU.ActiveCfg = Debug|Any CPU
		{708816FA-F049-CCDC-72D6-555FE2A7D251}.Debug|Any CPU.Build.0 = Debug|Any CPU
		{708816FA-F049-CCDC-72D6-555FE2A7D251}.Release|Any CPU.ActiveCfg = Release|Any CPU
		{708816FA-F049-CCDC-72D6-555FE2A7D251}.Release|Any CPU.Build.0 = Release|Any CPU
		{B8E13082-284E-911F-EA61-E1BA502967B6}.Debug|Any CPU.ActiveCfg = Debug|Any CPU
		{B8E13082-284E-911F-EA61-E1BA502967B6}.Debug|Any CPU.Build.0 = Debug|Any CPU
		{B8E13082-284E-911F-EA61-E1BA502967B6}.Release|Any CPU.ActiveCfg = Release|Any CPU
		{B8E13082-284E-911F-EA61-E1BA502967B6}.Release|Any CPU.Build.0 = Release|Any CPU
		{5CEF3941-6E80-E60E-5D55-2A53722C2A4B}.Debug|Any CPU.ActiveCfg = Debug|Any CPU
		{5CEF3941-6E80-E60E-5D55-2A53722C2A4B}.Debug|Any CPU.Build.0 = Debug|Any CPU
		{5CEF3941-6E80-E60E-5D55-2A53722C2A4B}.Release|Any CPU.ActiveCfg = Release|Any CPU
		{5CEF3941-6E80-E60E-5D55-2A53722C2A4B}.Release|Any CPU.Build.0 = Release|Any CPU
		{38895F98-4A09-32C9-57C0-14FBA140F7AB}.Debug|Any CPU.ActiveCfg = Debug|Any CPU
		{38895F98-4A09-32C9-57C0-14FBA140F7AB}.Debug|Any CPU.Build.0 = Debug|Any CPU
		{38895F98-4A09-32C9-57C0-14FBA140F7AB}.Release|Any CPU.ActiveCfg = Release|Any CPU
		{38895F98-4A09-32C9-57C0-14FBA140F7AB}.Release|Any CPU.Build.0 = Release|Any CPU
		{FB94CB16-E2AA-07AB-C00F-A3E7DD0A7D0C}.Debug|Any CPU.ActiveCfg = Debug|Any CPU
		{FB94CB16-E2AA-07AB-C00F-A3E7DD0A7D0C}.Debug|Any CPU.Build.0 = Debug|Any CPU
		{FB94CB16-E2AA-07AB-C00F-A3E7DD0A7D0C}.Release|Any CPU.ActiveCfg = Release|Any CPU
		{FB94CB16-E2AA-07AB-C00F-A3E7DD0A7D0C}.Release|Any CPU.Build.0 = Release|Any CPU
		{7C8D2346-4564-3D1B-BA50-F6D9ACC744A6}.Debug|Any CPU.ActiveCfg = Debug|Any CPU
		{7C8D2346-4564-3D1B-BA50-F6D9ACC744A6}.Debug|Any CPU.Build.0 = Debug|Any CPU
		{7C8D2346-4564-3D1B-BA50-F6D9ACC744A6}.Release|Any CPU.ActiveCfg = Release|Any CPU
		{7C8D2346-4564-3D1B-BA50-F6D9ACC744A6}.Release|Any CPU.Build.0 = Release|Any CPU
		{EC0FAF11-BDBF-911D-13D1-7D7978F6F1AD}.Debug|Any CPU.ActiveCfg = Debug|Any CPU
		{EC0FAF11-BDBF-911D-13D1-7D7978F6F1AD}.Debug|Any CPU.Build.0 = Debug|Any CPU
		{EC0FAF11-BDBF-911D-13D1-7D7978F6F1AD}.Release|Any CPU.ActiveCfg = Release|Any CPU
		{EC0FAF11-BDBF-911D-13D1-7D7978F6F1AD}.Release|Any CPU.Build.0 = Release|Any CPU
		{B93F2E76-6B00-877A-D24F-E447C91CBA30}.Debug|Any CPU.ActiveCfg = Debug|Any CPU
		{B93F2E76-6B00-877A-D24F-E447C91CBA30}.Debug|Any CPU.Build.0 = Debug|Any CPU
		{B93F2E76-6B00-877A-D24F-E447C91CBA30}.Release|Any CPU.ActiveCfg = Release|Any CPU
		{B93F2E76-6B00-877A-D24F-E447C91CBA30}.Release|Any CPU.Build.0 = Release|Any CPU
		{117A24E9-B148-2914-FAB9-C55A2EDC5DB6}.Debug|Any CPU.ActiveCfg = Debug|Any CPU
		{117A24E9-B148-2914-FAB9-C55A2EDC5DB6}.Debug|Any CPU.Build.0 = Debug|Any CPU
		{117A24E9-B148-2914-FAB9-C55A2EDC5DB6}.Release|Any CPU.ActiveCfg = Release|Any CPU
		{117A24E9-B148-2914-FAB9-C55A2EDC5DB6}.Release|Any CPU.Build.0 = Release|Any CPU
		{BCC992BB-8F99-3902-F579-B8CAC2241676}.Debug|Any CPU.ActiveCfg = Debug|Any CPU
		{BCC992BB-8F99-3902-F579-B8CAC2241676}.Debug|Any CPU.Build.0 = Debug|Any CPU
		{BCC992BB-8F99-3902-F579-B8CAC2241676}.Release|Any CPU.ActiveCfg = Release|Any CPU
		{BCC992BB-8F99-3902-F579-B8CAC2241676}.Release|Any CPU.Build.0 = Release|Any CPU
		{65B5EFDE-004F-F15E-AAED-07B525EFC7B8}.Debug|Any CPU.ActiveCfg = Debug|Any CPU
		{65B5EFDE-004F-F15E-AAED-07B525EFC7B8}.Debug|Any CPU.Build.0 = Debug|Any CPU
		{65B5EFDE-004F-F15E-AAED-07B525EFC7B8}.Release|Any CPU.ActiveCfg = Release|Any CPU
		{65B5EFDE-004F-F15E-AAED-07B525EFC7B8}.Release|Any CPU.Build.0 = Release|Any CPU
		{355E0442-F498-063F-B6BF-441678F758FB}.Debug|Any CPU.ActiveCfg = Debug|Any CPU
		{355E0442-F498-063F-B6BF-441678F758FB}.Debug|Any CPU.Build.0 = Debug|Any CPU
		{355E0442-F498-063F-B6BF-441678F758FB}.Release|Any CPU.ActiveCfg = Release|Any CPU
		{355E0442-F498-063F-B6BF-441678F758FB}.Release|Any CPU.Build.0 = Release|Any CPU
		{ABDC812D-953C-83D8-E411-F2CDB42F5B4E}.Debug|Any CPU.ActiveCfg = Debug|Any CPU
		{ABDC812D-953C-83D8-E411-F2CDB42F5B4E}.Debug|Any CPU.Build.0 = Debug|Any CPU
		{ABDC812D-953C-83D8-E411-F2CDB42F5B4E}.Release|Any CPU.ActiveCfg = Release|Any CPU
		{ABDC812D-953C-83D8-E411-F2CDB42F5B4E}.Release|Any CPU.Build.0 = Release|Any CPU
		{C1625DC1-42AC-8555-7155-5B7D7CA84AF7}.Debug|Any CPU.ActiveCfg = Debug|Any CPU
		{C1625DC1-42AC-8555-7155-5B7D7CA84AF7}.Debug|Any CPU.Build.0 = Debug|Any CPU
		{C1625DC1-42AC-8555-7155-5B7D7CA84AF7}.Release|Any CPU.ActiveCfg = Release|Any CPU
		{C1625DC1-42AC-8555-7155-5B7D7CA84AF7}.Release|Any CPU.Build.0 = Release|Any CPU
		{E15F8833-4284-AC12-D076-6FB318296438}.Debug|Any CPU.ActiveCfg = Debug|Any CPU
		{E15F8833-4284-AC12-D076-6FB318296438}.Debug|Any CPU.Build.0 = Debug|Any CPU
		{E15F8833-4284-AC12-D076-6FB318296438}.Release|Any CPU.ActiveCfg = Release|Any CPU
		{E15F8833-4284-AC12-D076-6FB318296438}.Release|Any CPU.Build.0 = Release|Any CPU
		{F7AD9FDD-AA1D-FC47-1D64-26FFCB60A381}.Debug|Any CPU.ActiveCfg = Debug|Any CPU
		{F7AD9FDD-AA1D-FC47-1D64-26FFCB60A381}.Debug|Any CPU.Build.0 = Debug|Any CPU
		{F7AD9FDD-AA1D-FC47-1D64-26FFCB60A381}.Release|Any CPU.ActiveCfg = Release|Any CPU
		{F7AD9FDD-AA1D-FC47-1D64-26FFCB60A381}.Release|Any CPU.Build.0 = Release|Any CPU
		{EBABFF4F-6295-C8C0-BD55-1EBD00CA2F9F}.Debug|Any CPU.ActiveCfg = Debug|Any CPU
		{EBABFF4F-6295-C8C0-BD55-1EBD00CA2F9F}.Debug|Any CPU.Build.0 = Debug|Any CPU
		{EBABFF4F-6295-C8C0-BD55-1EBD00CA2F9F}.Release|Any CPU.ActiveCfg = Release|Any CPU
		{EBABFF4F-6295-C8C0-BD55-1EBD00CA2F9F}.Release|Any CPU.Build.0 = Release|Any CPU
		{616653D3-895C-0CE4-C20B-7BA856B1EF00}.Debug|Any CPU.ActiveCfg = Debug|Any CPU
		{616653D3-895C-0CE4-C20B-7BA856B1EF00}.Debug|Any CPU.Build.0 = Debug|Any CPU
		{616653D3-895C-0CE4-C20B-7BA856B1EF00}.Release|Any CPU.ActiveCfg = Release|Any CPU
		{616653D3-895C-0CE4-C20B-7BA856B1EF00}.Release|Any CPU.Build.0 = Release|Any CPU
		{60280F15-CC4A-1851-5E0C-5DDC0172898F}.Debug|Any CPU.ActiveCfg = Debug|Any CPU
		{60280F15-CC4A-1851-5E0C-5DDC0172898F}.Debug|Any CPU.Build.0 = Debug|Any CPU
		{60280F15-CC4A-1851-5E0C-5DDC0172898F}.Release|Any CPU.ActiveCfg = Release|Any CPU
		{60280F15-CC4A-1851-5E0C-5DDC0172898F}.Release|Any CPU.Build.0 = Release|Any CPU
		{C6671DFD-5409-6E5B-027E-DFC71FE8B93F}.Debug|Any CPU.ActiveCfg = Debug|Any CPU
		{C6671DFD-5409-6E5B-027E-DFC71FE8B93F}.Debug|Any CPU.Build.0 = Debug|Any CPU
		{C6671DFD-5409-6E5B-027E-DFC71FE8B93F}.Release|Any CPU.ActiveCfg = Release|Any CPU
		{C6671DFD-5409-6E5B-027E-DFC71FE8B93F}.Release|Any CPU.Build.0 = Release|Any CPU
	EndGlobalSection
	GlobalSection(SolutionProperties) = preSolution
		HideSolutionNode = FALSE
	EndGlobalSection
EndGlobal
